
Microsoft Visual Studio Solution File, Format Version 12.00
# Visual Studio Version 16
VisualStudioVersion = 16.0.31402.337
MinimumVisualStudioVersion = 10.0.40219.1
Project("{9A19103F-16F7-4668-BE54-9A1E7A4F7556}") = "ExpenseApplication", "TestApp\ExpenseApplication.csproj", "{AEEFAECC-65EC-43D1-99CB-2A6207B0E157}"
EndProject
Global
	GlobalSection(SolutionConfigurationPlatforms) = preSolution
		Debug|Any CPU = Debug|Any CPU
		Release|Any CPU = Release|Any CPU
	EndGlobalSection
	GlobalSection(ProjectConfigurationPlatforms) = postSolution
		{AEEFAECC-65EC-43D1-99CB-2A6207B0E157}.Debug|Any CPU.ActiveCfg = Debug|Any CPU
		{AEEFAECC-65EC-43D1-99CB-2A6207B0E157}.Debug|Any CPU.Build.0 = Debug|Any CPU
		{AEEFAECC-65EC-43D1-99CB-2A6207B0E157}.Release|Any CPU.ActiveCfg = Release|Any CPU
		{AEEFAECC-65EC-43D1-99CB-2A6207B0E157}.Release|Any CPU.Build.0 = Release|Any CPU
	EndGlobalSection
	GlobalSection(SolutionProperties) = preSolution
		HideSolutionNode = FALSE
	EndGlobalSection
	GlobalSection(ExtensibilityGlobals) = postSolution
		SolutionGuid = {A9D3BD84-BBFB-446E-A262-DE35CAAEDF04}
	EndGlobalSection
EndGlobal
